
Microsoft Visual Studio Solution File, Format Version 11.00
# Visual Studio 2010
Project("{FAE04EC0-301F-11D3-BF4B-00C04F79EFBC}") = "SampleProject", "SampleProject.csproj", "{C3B501D9-1B71-4110-AB2D-48612784E409}"
EndProject
Global
	GlobalSection(SolutionConfigurationPlatforms) = preSolution
		Debug|Any CPU = Debug|Any CPU
		Release|Any CPU = Release|Any CPU
	EndGlobalSection
	GlobalSection(ProjectConfigurationPlatforms) = postSolution
		{C3B501D9-1B71-4110-AB2D-48612784E409}.Debug|Any CPU.ActiveCfg = Debug|Any CPU
		{C3B501D9-1B71-4110-AB2D-48612784E409}.Debug|Any CPU.Build.0 = Debug|Any CPU
		{C3B501D9-1B71-4110-AB2D-48612784E409}.Release|Any CPU.ActiveCfg = Release|Any CPU
		{C3B501D9-1B71-4110-AB2D-48612784E409}.Release|Any CPU.Build.0 = Release|Any CPU
	EndGlobalSection
	GlobalSection(SolutionProperties) = preSolution
		HideSolutionNode = FALSE
	EndGlobalSection
EndGlobal
